
Microsoft Visual Studio Solution File, Format Version 12.00
# Visual Studio 15
VisualStudioVersion = 15.0.28010.2036
MinimumVisualStudioVersion = 10.0.40219.1
Project("{FAE04EC0-301F-11D3-BF4B-00C04F79EFBC}") = "RxJs", "RxJs\RxJs.csproj", "{03E4E4D4-6AD3-487F-979B-C0BE21525AE3}"
EndProject
Global
	GlobalSection(SolutionConfigurationPlatforms) = preSolution
		Debug|Any CPU = Debug|Any CPU
		Release|Any CPU = Release|Any CPU
	EndGlobalSection
	GlobalSection(ProjectConfigurationPlatforms) = postSolution
		{03E4E4D4-6AD3-487F-979B-C0BE21525AE3}.Debug|Any CPU.ActiveCfg = Debug|Any CPU
		{03E4E4D4-6AD3-487F-979B-C0BE21525AE3}.Debug|Any CPU.Build.0 = Debug|Any CPU
		{03E4E4D4-6AD3-487F-979B-C0BE21525AE3}.Release|Any CPU.ActiveCfg = Release|Any CPU
		{03E4E4D4-6AD3-487F-979B-C0BE21525AE3}.Release|Any CPU.Build.0 = Release|Any CPU
	EndGlobalSection
	GlobalSection(SolutionProperties) = preSolution
		HideSolutionNode = FALSE
	EndGlobalSection
	GlobalSection(ExtensibilityGlobals) = postSolution
		SolutionGuid = {2D533265-261C-4B29-88AF-A94383D89BE7}
	EndGlobalSection
EndGlobal
